
Microsoft Visual Studio Solution File, Format Version 12.00
# Visual Studio 15
VisualStudioVersion = 15.0.27703.2000
MinimumVisualStudioVersion = 10.0.40219.1
Project("{9A19103F-16F7-4668-BE54-9A1E7A4F7556}") = "StateOfNeo.Server", "StateOfNeo.Server\StateOfNeo.Server.csproj", "{FB3D33E4-711D-4C56-B5D3-9FB14C2AD502}"
EndProject
Project("{2150E333-8FDC-42A3-9474-1A3956D46DE8}") = "web", "web", "{143227BD-B2A8-4010-BA38-7FE5ECB46880}"
EndProject
Project("{2150E333-8FDC-42A3-9474-1A3956D46DE8}") = "data", "data", "{CD261440-6435-45B6-84A5-60FD1D9E656A}"
EndProject
Project("{2150E333-8FDC-42A3-9474-1A3956D46DE8}") = "common", "common", "{C43260D5-F0D9-4722-A5FF-AAA58A19CB72}"
EndProject
Project("{FAE04EC0-301F-11D3-BF4B-00C04F79EFBC}") = "StateOfNeo.ViewModels", "StateOfNeo.ViewModels\StateOfNeo.ViewModels.csproj", "{26E4D68B-E5AC-466B-B23E-092D6D7ABA40}"
EndProject
Global
	GlobalSection(SolutionConfigurationPlatforms) = preSolution
		Debug|Any CPU = Debug|Any CPU
		Release|Any CPU = Release|Any CPU
	EndGlobalSection
	GlobalSection(ProjectConfigurationPlatforms) = postSolution
		{FB3D33E4-711D-4C56-B5D3-9FB14C2AD502}.Debug|Any CPU.ActiveCfg = Debug|Any CPU
		{FB3D33E4-711D-4C56-B5D3-9FB14C2AD502}.Debug|Any CPU.Build.0 = Debug|Any CPU
		{FB3D33E4-711D-4C56-B5D3-9FB14C2AD502}.Release|Any CPU.ActiveCfg = Release|Any CPU
		{FB3D33E4-711D-4C56-B5D3-9FB14C2AD502}.Release|Any CPU.Build.0 = Release|Any CPU
		{26E4D68B-E5AC-466B-B23E-092D6D7ABA40}.Debug|Any CPU.ActiveCfg = Debug|Any CPU
		{26E4D68B-E5AC-466B-B23E-092D6D7ABA40}.Debug|Any CPU.Build.0 = Debug|Any CPU
		{26E4D68B-E5AC-466B-B23E-092D6D7ABA40}.Release|Any CPU.ActiveCfg = Release|Any CPU
		{26E4D68B-E5AC-466B-B23E-092D6D7ABA40}.Release|Any CPU.Build.0 = Release|Any CPU
	EndGlobalSection
	GlobalSection(SolutionProperties) = preSolution
		HideSolutionNode = FALSE
	EndGlobalSection
	GlobalSection(NestedProjects) = preSolution
		{FB3D33E4-711D-4C56-B5D3-9FB14C2AD502} = {143227BD-B2A8-4010-BA38-7FE5ECB46880}
		{26E4D68B-E5AC-466B-B23E-092D6D7ABA40} = {143227BD-B2A8-4010-BA38-7FE5ECB46880}
	EndGlobalSection
	GlobalSection(ExtensibilityGlobals) = postSolution
		SolutionGuid = {FC6B077E-E745-4166-B951-9C4A5DD98263}
	EndGlobalSection
EndGlobal
